
Microsoft Visual Studio Solution File, Format Version 12.00
# Visual Studio Version 17
VisualStudioVersion = 17.10.35013.160
MinimumVisualStudioVersion = 10.0.40219.1
Project("{FAE04EC0-301F-11D3-BF4B-00C04F79EFBC}") = "IdentityApp", "IdentityApp\IdentityApp.csproj", "{40369509-1B56-4A06-8B5E-95A62CAB796F}"
EndProject
Global
	GlobalSection(SolutionConfigurationPlatforms) = preSolution
		Debug|Any CPU = Debug|Any CPU
		Release|Any CPU = Release|Any CPU
	EndGlobalSection
	GlobalSection(ProjectConfigurationPlatforms) = postSolution
		{40369509-1B56-4A06-8B5E-95A62CAB796F}.Debug|Any CPU.ActiveCfg = Debug|Any CPU
		{40369509-1B56-4A06-8B5E-95A62CAB796F}.Debug|Any CPU.Build.0 = Debug|Any CPU
		{40369509-1B56-4A06-8B5E-95A62CAB796F}.Release|Any CPU.ActiveCfg = Release|Any CPU
		{40369509-1B56-4A06-8B5E-95A62CAB796F}.Release|Any CPU.Build.0 = Release|Any CPU
	EndGlobalSection
	GlobalSection(SolutionProperties) = preSolution
		HideSolutionNode = FALSE
	EndGlobalSection
	GlobalSection(ExtensibilityGlobals) = postSolution
		SolutionGuid = {8142A9F7-A810-4352-BE6F-40CA59B41DB8}
	EndGlobalSection
EndGlobal
